
Microsoft Visual Studio Solution File, Format Version 12.00
Project("{FAE04EC0-301F-11D3-BF4B-00C04F79EFBC}") = "UrlShortener.Api", "src/UrlShortener.Api/UrlShortener.Api.csproj", "{991E30EF-5445-43F4-91FF-7AD9957414D9}"
EndProject
Project("{FAE04EC0-301F-11D3-BF4B-00C04F79EFBC}") = "UrlShortener.Application", "src\UrlShortener.Application\UrlShortener.Application.csproj", "{D7C46B14-C82B-4540-B1FB-76384860FA95}"
EndProject
Project("{FAE04EC0-301F-11D3-BF4B-00C04F79EFBC}") = "UrlShortener.Domain", "src\UrlShortener.Domain\UrlShortener.Domain.csproj", "{626F59C7-67FB-4F8A-9D0E-5D5B89F15404}"
EndProject
Project("{FAE04EC0-301F-11D3-BF4B-00C04F79EFBC}") = "UrlShortener.Infrastructure", "src\UrlShortener.Infrastructure\UrlShortener.Infrastructure.csproj", "{CEC758EC-0438-4270-8B8F-F78DA54A3F5F}"
EndProject
Project("{FAE04EC0-301F-11D3-BF4B-00C04F79EFBC}") = "UrlShortener.UnitTests", "src\UrlShortener.UnitTests\UrlShortener.UnitTests.csproj", "{1E1248F6-A6C7-48C7-9A98-642987EDCF61}"
EndProject
Global
	GlobalSection(SolutionConfigurationPlatforms) = preSolution
		Debug|Any CPU = Debug|Any CPU
		Release|Any CPU = Release|Any CPU
	EndGlobalSection
	GlobalSection(ProjectConfigurationPlatforms) = postSolution
		{991E30EF-5445-43F4-91FF-7AD9957414D9}.Debug|Any CPU.ActiveCfg = Debug|Any CPU
		{991E30EF-5445-43F4-91FF-7AD9957414D9}.Debug|Any CPU.Build.0 = Debug|Any CPU
		{991E30EF-5445-43F4-91FF-7AD9957414D9}.Release|Any CPU.ActiveCfg = Release|Any CPU
		{991E30EF-5445-43F4-91FF-7AD9957414D9}.Release|Any CPU.Build.0 = Release|Any CPU
		{D7C46B14-C82B-4540-B1FB-76384860FA95}.Debug|Any CPU.ActiveCfg = Debug|Any CPU
		{D7C46B14-C82B-4540-B1FB-76384860FA95}.Debug|Any CPU.Build.0 = Debug|Any CPU
		{D7C46B14-C82B-4540-B1FB-76384860FA95}.Release|Any CPU.ActiveCfg = Release|Any CPU
		{D7C46B14-C82B-4540-B1FB-76384860FA95}.Release|Any CPU.Build.0 = Release|Any CPU
		{626F59C7-67FB-4F8A-9D0E-5D5B89F15404}.Debug|Any CPU.ActiveCfg = Debug|Any CPU
		{626F59C7-67FB-4F8A-9D0E-5D5B89F15404}.Debug|Any CPU.Build.0 = Debug|Any CPU
		{626F59C7-67FB-4F8A-9D0E-5D5B89F15404}.Release|Any CPU.ActiveCfg = Release|Any CPU
		{626F59C7-67FB-4F8A-9D0E-5D5B89F15404}.Release|Any CPU.Build.0 = Release|Any CPU
		{CEC758EC-0438-4270-8B8F-F78DA54A3F5F}.Debug|Any CPU.ActiveCfg = Debug|Any CPU
		{CEC758EC-0438-4270-8B8F-F78DA54A3F5F}.Debug|Any CPU.Build.0 = Debug|Any CPU
		{CEC758EC-0438-4270-8B8F-F78DA54A3F5F}.Release|Any CPU.ActiveCfg = Release|Any CPU
		{CEC758EC-0438-4270-8B8F-F78DA54A3F5F}.Release|Any CPU.Build.0 = Release|Any CPU
		{1E1248F6-A6C7-48C7-9A98-642987EDCF61}.Debug|Any CPU.ActiveCfg = Debug|Any CPU
		{1E1248F6-A6C7-48C7-9A98-642987EDCF61}.Debug|Any CPU.Build.0 = Debug|Any CPU
		{1E1248F6-A6C7-48C7-9A98-642987EDCF61}.Release|Any CPU.ActiveCfg = Release|Any CPU
		{1E1248F6-A6C7-48C7-9A98-642987EDCF61}.Release|Any CPU.Build.0 = Release|Any CPU
	EndGlobalSection
EndGlobal
